// !$*UTF8*$!
{
	archiveVersion = 1;
	classes = {
	};
	objectVersion = 77;
	objects = {

/* Begin PBXBuildFile section */
		690C181D2DC63EA900218939 /* Cocoa.framework in Frameworks */ = {isa = PBXBuildFile; fileRef = 694ECB202DBD117400E490C4 /* Cocoa.framework */; };
		690C181E2DC63EA900218939 /* IOKit.framework in Frameworks */ = {isa = PBXBuildFile; fileRef = 694ECB222DBD11C600E490C4 /* IOKit.framework */; };
		690C181F2DC63EA900218939 /* libglfw3.a in Frameworks */ = {isa = PBXBuildFile; fileRef = 694ECB172DBD0D0800E490C4 /* libglfw3.a */; };
		694ECB212DBD117400E490C4 /* Cocoa.framework in Frameworks */ = {isa = PBXBuildFile; fileRef = 694ECB202DBD117400E490C4 /* Cocoa.framework */; };
		694ECB232DBD11C600E490C4 /* IOKit.framework in Frameworks */ = {isa = PBXBuildFile; fileRef = 694ECB222DBD11C600E490C4 /* IOKit.framework */; };
		69AE2FEE2DBDDF000064AF59 /* IOKit.framework in Frameworks */ = {isa = PBXBuildFile; fileRef = 694ECB222DBD11C600E490C4 /* IOKit.framework */; };
		69AE2FEF2DBDDF050064AF59 /* Cocoa.framework in Frameworks */ = {isa = PBXBuildFile; fileRef = 694ECB202DBD117400E490C4 /* Cocoa.framework */; };
		69AE2FF02DBDE0F00064AF59 /* libglfw3.a in Frameworks */ = {isa = PBXBuildFile; fileRef = 694ECB172DBD0D0800E490C4 /* libglfw3.a */; };
		69AE2FF12DBDE0FF0064AF59 /* libglfw3.a in Frameworks */ = {isa = PBXBuildFile; fileRef = 694ECB172DBD0D0800E490C4 /* libglfw3.a */; };
		69AE300A2DBE15160064AF59 /* Cocoa.framework in Frameworks */ = {isa = PBXBuildFile; fileRef = 694ECB202DBD117400E490C4 /* Cocoa.framework */; };
		69AE300B2DBE15160064AF59 /* IOKit.framework in Frameworks */ = {isa = PBXBuildFile; fileRef = 694ECB222DBD11C600E490C4 /* IOKit.framework */; };
		69AE300C2DBE15160064AF59 /* libglfw3.a in Frameworks */ = {isa = PBXBuildFile; fileRef = 694ECB172DBD0D0800E490C4 /* libglfw3.a */; };
		69CD42D12DC8E31C0028D52C /* Cocoa.framework in Frameworks */ = {isa = PBXBuildFile; fileRef = 694ECB202DBD117400E490C4 /* Cocoa.framework */; };
		69CD42D22DC8E31C0028D52C /* IOKit.framework in Frameworks */ = {isa = PBXBuildFile; fileRef = 694ECB222DBD11C600E490C4 /* IOKit.framework */; };
		69CD42D32DC8E31C0028D52C /* libglfw3.a in Frameworks */ = {isa = PBXBuildFile; fileRef = 694ECB172DBD0D0800E490C4 /* libglfw3.a */; };
/* End PBXBuildFile section */

/* Begin PBXCopyFilesBuildPhase section */
		690C18202DC63EA900218939 /* CopyFiles */ = {
			isa = PBXCopyFilesBuildPhase;
			buildActionMask = 12;
			dstPath = "Assets/04-Camera";
			dstSubfolderSpec = 16;
			files = (
			);
			runOnlyForDeploymentPostprocessing = 0;
		};
		69AE300D2DBE15160064AF59 /* CopyFiles */ = {
			isa = PBXCopyFilesBuildPhase;
			buildActionMask = 12;
			dstPath = "Assets/03-Transformation";
			dstSubfolderSpec = 16;
			files = (
			);
			runOnlyForDeploymentPostprocessing = 0;
		};
		69CD42D42DC8E31C0028D52C /* CopyFiles */ = {
			isa = PBXCopyFilesBuildPhase;
			buildActionMask = 12;
			dstPath = "Assets/05-ObjectLoader";
			dstSubfolderSpec = 16;
			files = (
			);
			runOnlyForDeploymentPostprocessing = 0;
		};
		69FAA3AB2DBCE00D00A95B21 /* CopyFiles */ = {
			isa = PBXCopyFilesBuildPhase;
			buildActionMask = 12;
			dstPath = "Assets/01-Triangle";
			dstSubfolderSpec = 16;
			files = (
			);
			runOnlyForDeploymentPostprocessing = 0;
		};
		69FAA3C12DBCE33000A95B21 /* CopyFiles */ = {
			isa = PBXCopyFilesBuildPhase;
			buildActionMask = 12;
			dstPath = "Assets/02-Texture";
			dstSubfolderSpec = 16;
			files = (
			);
			runOnlyForDeploymentPostprocessing = 0;
		};
/* End PBXCopyFilesBuildPhase section */

/* Begin PBXFileReference section */
		690C18242DC63EA900218939 /* 04-Camera */ = {isa = PBXFileReference; explicitFileType = "compiled.mach-o.executable"; includeInIndex = 0; path = "04-Camera"; sourceTree = BUILT_PRODUCTS_DIR; };
		694ECB172DBD0D0800E490C4 /* libglfw3.a */ = {isa = PBXFileReference; lastKnownFileType = archive.ar; name = libglfw3.a; path = "External/glfw/lib-arm64/libglfw3.a"; sourceTree = "<group>"; };
		694ECB1E2DBD0EC400E490C4 /* libglfw.3.dylib */ = {isa = PBXFileReference; lastKnownFileType = "compiled.mach-o.dylib"; name = libglfw.3.dylib; path = "External/glfw/lib-arm64/libglfw.3.dylib"; sourceTree = "<group>"; };
		694ECB202DBD117400E490C4 /* Cocoa.framework */ = {isa = PBXFileReference; lastKnownFileType = wrapper.framework; name = Cocoa.framework; path = System/Library/Frameworks/Cocoa.framework; sourceTree = SDKROOT; };
		694ECB222DBD11C600E490C4 /* IOKit.framework */ = {isa = PBXFileReference; lastKnownFileType = wrapper.framework; name = IOKit.framework; path = System/Library/Frameworks/IOKit.framework; sourceTree = SDKROOT; };
		69AE30112DBE15160064AF59 /* 03-Transformation */ = {isa = PBXFileReference; explicitFileType = "compiled.mach-o.executable"; includeInIndex = 0; path = "03-Transformation"; sourceTree = BUILT_PRODUCTS_DIR; };
		69CD42D82DC8E31C0028D52C /* 05-ObjectLoader */ = {isa = PBXFileReference; explicitFileType = "compiled.mach-o.executable"; includeInIndex = 0; path = "05-ObjectLoader"; sourceTree = BUILT_PRODUCTS_DIR; };
		69FAA3AD2DBCE00D00A95B21 /* 01-Triangle */ = {isa = PBXFileReference; explicitFileType = "compiled.mach-o.executable"; includeInIndex = 0; path = "01-Triangle"; sourceTree = BUILT_PRODUCTS_DIR; };
		69FAA3C32DBCE33000A95B21 /* 02-Texture */ = {isa = PBXFileReference; explicitFileType = "compiled.mach-o.executable"; includeInIndex = 0; path = "02-Texture"; sourceTree = BUILT_PRODUCTS_DIR; };
		69FAA3CE2DBCE4AE00A95B21 /* README.md */ = {isa = PBXFileReference; lastKnownFileType = net.daringfireball.markdown; path = README.md; sourceTree = "<group>"; };
/* End PBXFileReference section */

/* Begin PBXFileSystemSynchronizedBuildFileExceptionSet section */
		690C18262DC63EC100218939 /* Exceptions for "Tutorials" folder in "04-Camera" target */ = {
			isa = PBXFileSystemSynchronizedBuildFileExceptionSet;
			membershipExceptions = (
				"04-Camera/Camera.cpp",
				"04-Camera/FPSLimiter.cpp",
				"04-Camera/GLWindow.cpp",
				"04-Camera/main.cpp",
				"04-Camera/Mesh.cpp",
				"04-Camera/Shader.cpp",
				"04-Camera/Texture.cpp",
			);
			target = 690C181A2DC63EA900218939 /* 04-Camera */;
		};
		690C18282DC63ED600218939 /* Exceptions for "Shared" folder in "04-Camera" target */ = {
			isa = PBXFileSystemSynchronizedBuildFileExceptionSet;
			membershipExceptions = (
				gl.c,
			);
			target = 690C181A2DC63EA900218939 /* 04-Camera */;
		};
		694ECB1C2DBD0D9200E490C4 /* Exceptions for "Shared" folder in "01-Triangle" target */ = {
			isa = PBXFileSystemSynchronizedBuildFileExceptionSet;
			membershipExceptions = (
				gl.c,
			);
			target = 69FAA3AC2DBCE00D00A95B21 /* 01-Triangle */;
		};
		694ECB1D2DBD0D9200E490C4 /* Exceptions for "Shared" folder in "02-Texture" target */ = {
			isa = PBXFileSystemSynchronizedBuildFileExceptionSet;
			membershipExceptions = (
				gl.c,
			);
			target = 69FAA3C22DBCE33000A95B21 /* 02-Texture */;
		};
		69AE2FF72DBDE1180064AF59 /* Exceptions for "Tutorials" folder in "02-Texture" target */ = {
			isa = PBXFileSystemSynchronizedBuildFileExceptionSet;
			membershipExceptions = (
				"02-Texture/main.cpp",
				"02-Texture/shaderLoader.cpp",
				"02-Texture/textureLoader.cpp",
			);
			target = 69FAA3C22DBCE33000A95B21 /* 02-Texture */;
		};
		69AE301C2DBE15A60064AF59 /* Exceptions for "Tutorials" folder in "03-Transformation" target */ = {
			isa = PBXFileSystemSynchronizedBuildFileExceptionSet;
			membershipExceptions = (
				"03-Transformation/main.cpp",
				"03-Transformation/shaderLoader.cpp",
				"03-Transformation/textureLoader.cpp",
			);
			target = 69AE30072DBE15160064AF59 /* 03-Transformation */;
		};
		69AE301E2DBE15A60064AF59 /* Exceptions for "Shared" folder in "03-Transformation" target */ = {
			isa = PBXFileSystemSynchronizedBuildFileExceptionSet;
			membershipExceptions = (
				gl.c,
			);
			target = 69AE30072DBE15160064AF59 /* 03-Transformation */;
		};
		69CD42F32DC8E35C0028D52C /* Exceptions for "Tutorials" folder in "05-ObjectLoader" target */ = {
			isa = PBXFileSystemSynchronizedBuildFileExceptionSet;
			membershipExceptions = (
				"05-ObjectLoader/Camera.cpp",
				"05-ObjectLoader/FPSLimiter.cpp",
				"05-ObjectLoader/GLWindow.cpp",
				"05-ObjectLoader/main.cpp",
				"05-ObjectLoader/Mesh.cpp",
				"05-ObjectLoader/Shader.cpp",
				"05-ObjectLoader/Texture.cpp",
			);
			target = 69CD42CE2DC8E31C0028D52C /* 05-ObjectLoader */;
		};
		69CD42F62DC8E3840028D52C /* Exceptions for "Shared" folder in "05-ObjectLoader" target */ = {
			isa = PBXFileSystemSynchronizedBuildFileExceptionSet;
			membershipExceptions = (
				gl.c,
			);
			target = 69CD42CE2DC8E31C0028D52C /* 05-ObjectLoader */;
		};
		69FAA3BE2DBCE30800A95B21 /* Exceptions for "Tutorials" folder in "01-Triangle" target */ = {
			isa = PBXFileSystemSynchronizedBuildFileExceptionSet;
			membershipExceptions = (
				"01-Triangle/loader.cpp",
				"01-Triangle/main.cpp",
			);
			target = 69FAA3AC2DBCE00D00A95B21 /* 01-Triangle */;
		};
/* End PBXFileSystemSynchronizedBuildFileExceptionSet section */

/* Begin PBXFileSystemSynchronizedGroupBuildPhaseMembershipExceptionSet section */
		690C18472DC716A700218939 /* Exceptions for "Assets" folder in "Copy Files" phase from "04-Camera" target */ = {
			isa = PBXFileSystemSynchronizedGroupBuildPhaseMembershipExceptionSet;
			buildPhase = 690C18202DC63EA900218939 /* CopyFiles */;
			membershipExceptions = (
				"04-Camera/cube.frag.glsl",
				"04-Camera/cube.jpg",
				"04-Camera/cube.vert.glsl",
			);
		};
		69AE2FF82DBDE1180064AF59 /* Exceptions for "Tutorials" folder in "Compile Sources" phase from "02-Texture" target */ = {
			isa = PBXFileSystemSynchronizedGroupBuildPhaseMembershipExceptionSet;
			buildPhase = 69FAA3BF2DBCE33000A95B21 /* Sources */;
			membershipExceptions = (
				"02-Texture/shaderLoader.h",
				"02-Texture/textureLoader.h",
			);
		};
		69AE2FFC2DBDE1BF0064AF59 /* Exceptions for "Assets" folder in "Copy Files" phase from "02-Texture" target */ = {
			isa = PBXFileSystemSynchronizedGroupBuildPhaseMembershipExceptionSet;
			buildPhase = 69FAA3C12DBCE33000A95B21 /* CopyFiles */;
			membershipExceptions = (
				"02-Texture/crate1.jpg",
				"02-Texture/rectangle.frag.glsl",
				"02-Texture/rectangle.vert.glsl",
			);
		};
		69AE30152DBE153B0064AF59 /* Exceptions for "Assets" folder in "Copy Files" phase from "03-Transformation" target */ = {
			isa = PBXFileSystemSynchronizedGroupBuildPhaseMembershipExceptionSet;
			buildPhase = 69AE300D2DBE15160064AF59 /* CopyFiles */;
			membershipExceptions = (
				"03-Transformation/crate1.jpg",
				"03-Transformation/rectangle.frag.glsl",
				"03-Transformation/rectangle.vert.glsl",
			);
		};
		69AE301D2DBE15A60064AF59 /* Exceptions for "Tutorials" folder in "Compile Sources" phase from "03-Transformation" target */ = {
			isa = PBXFileSystemSynchronizedGroupBuildPhaseMembershipExceptionSet;
			buildPhase = 69AE30082DBE15160064AF59 /* Sources */;
			membershipExceptions = (
				"03-Transformation/shaderLoader.h",
				"03-Transformation/textureLoader.h",
			);
		};
		69CD0ADF2DBD9E6700557758 /* Exceptions for "Assets" folder in "Copy Files" phase from "01-Triangle" target */ = {
			isa = PBXFileSystemSynchronizedGroupBuildPhaseMembershipExceptionSet;
			buildPhase = 69FAA3AB2DBCE00D00A95B21 /* CopyFiles */;
			membershipExceptions = (
				"01-Triangle/triangle.frag.glsl",
				"01-Triangle/triangle.vert.glsl",
			);
		};
		69CD42FD2DC8E4340028D52C /* Exceptions for "Assets" folder in "Copy Files" phase from "05-ObjectLoader" target */ = {
			isa = PBXFileSystemSynchronizedGroupBuildPhaseMembershipExceptionSet;
			buildPhase = 69CD42D42DC8E31C0028D52C /* CopyFiles */;
			membershipExceptions = (
				"05-ObjectLoader/cube.frag.glsl",
				"05-ObjectLoader/cube.jpg",
				"05-ObjectLoader/cube.vert.glsl",
			);
		};
/* End PBXFileSystemSynchronizedGroupBuildPhaseMembershipExceptionSet section */

/* Begin PBXFileSystemSynchronizedRootGroup section */
		69CD0AD42DBD9B4700557758 /* Assets */ = {
			isa = PBXFileSystemSynchronizedRootGroup;
			exceptions = (
				69CD0ADF2DBD9E6700557758 /* Exceptions for "Assets" folder in "Copy Files" phase from "01-Triangle" target */,
				69AE2FFC2DBDE1BF0064AF59 /* Exceptions for "Assets" folder in "Copy Files" phase from "02-Texture" target */,
				69AE30152DBE153B0064AF59 /* Exceptions for "Assets" folder in "Copy Files" phase from "03-Transformation" target */,
				690C18472DC716A700218939 /* Exceptions for "Assets" folder in "Copy Files" phase from "04-Camera" target */,
				69CD42FD2DC8E4340028D52C /* Exceptions for "Assets" folder in "Copy Files" phase from "05-ObjectLoader" target */,
			);
			path = Assets;
			sourceTree = "<group>";
		};
		69FAA3B92DBCE2E300A95B21 /* Shared */ = {
			isa = PBXFileSystemSynchronizedRootGroup;
			exceptions = (
				694ECB1C2DBD0D9200E490C4 /* Exceptions for "Shared" folder in "01-Triangle" target */,
				694ECB1D2DBD0D9200E490C4 /* Exceptions for "Shared" folder in "02-Texture" target */,
				69AE301E2DBE15A60064AF59 /* Exceptions for "Shared" folder in "03-Transformation" target */,
				690C18282DC63ED600218939 /* Exceptions for "Shared" folder in "04-Camera" target */,
				69CD42F62DC8E3840028D52C /* Exceptions for "Shared" folder in "05-ObjectLoader" target */,
			);
			path = Shared;
			sourceTree = "<group>";
		};
		69FAA3BA2DBCE2FF00A95B21 /* Tutorials */ = {
			isa = PBXFileSystemSynchronizedRootGroup;
			exceptions = (
				69FAA3BE2DBCE30800A95B21 /* Exceptions for "Tutorials" folder in "01-Triangle" target */,
				69AE2FF72DBDE1180064AF59 /* Exceptions for "Tutorials" folder in "02-Texture" target */,
				69AE2FF82DBDE1180064AF59 /* Exceptions for "Tutorials" folder in "Compile Sources" phase from "02-Texture" target */,
				69AE301C2DBE15A60064AF59 /* Exceptions for "Tutorials" folder in "03-Transformation" target */,
				69AE301D2DBE15A60064AF59 /* Exceptions for "Tutorials" folder in "Compile Sources" phase from "03-Transformation" target */,
				690C18262DC63EC100218939 /* Exceptions for "Tutorials" folder in "04-Camera" target */,
				69CD42F32DC8E35C0028D52C /* Exceptions for "Tutorials" folder in "05-ObjectLoader" target */,
			);
			path = Tutorials;
			sourceTree = "<group>";
		};
/* End PBXFileSystemSynchronizedRootGroup section */

/* Begin PBXFrameworksBuildPhase section */
		690C181C2DC63EA900218939 /* Frameworks */ = {
			isa = PBXFrameworksBuildPhase;
			buildActionMask = 2147483647;
			files = (
				690C181D2DC63EA900218939 /* Cocoa.framework in Frameworks */,
				690C181E2DC63EA900218939 /* IOKit.framework in Frameworks */,
				690C181F2DC63EA900218939 /* libglfw3.a in Frameworks */,
			);
			runOnlyForDeploymentPostprocessing = 0;
		};
		69AE30092DBE15160064AF59 /* Frameworks */ = {
			isa = PBXFrameworksBuildPhase;
			buildActionMask = 2147483647;
			files = (
				69AE300A2DBE15160064AF59 /* Cocoa.framework in Frameworks */,
				69AE300B2DBE15160064AF59 /* IOKit.framework in Frameworks */,
				69AE300C2DBE15160064AF59 /* libglfw3.a in Frameworks */,
			);
			runOnlyForDeploymentPostprocessing = 0;
		};
		69CD42D02DC8E31C0028D52C /* Frameworks */ = {
			isa = PBXFrameworksBuildPhase;
			buildActionMask = 2147483647;
			files = (
				69CD42D12DC8E31C0028D52C /* Cocoa.framework in Frameworks */,
				69CD42D22DC8E31C0028D52C /* IOKit.framework in Frameworks */,
				69CD42D32DC8E31C0028D52C /* libglfw3.a in Frameworks */,
			);
			runOnlyForDeploymentPostprocessing = 0;
		};
		69FAA3AA2DBCE00D00A95B21 /* Frameworks */ = {
			isa = PBXFrameworksBuildPhase;
			buildActionMask = 2147483647;
			files = (
				694ECB212DBD117400E490C4 /* Cocoa.framework in Frameworks */,
				694ECB232DBD11C600E490C4 /* IOKit.framework in Frameworks */,
				69AE2FF02DBDE0F00064AF59 /* libglfw3.a in Frameworks */,
			);
			runOnlyForDeploymentPostprocessing = 0;
		};
		69FAA3C02DBCE33000A95B21 /* Frameworks */ = {
			isa = PBXFrameworksBuildPhase;
			buildActionMask = 2147483647;
			files = (
				69AE2FEF2DBDDF050064AF59 /* Cocoa.framework in Frameworks */,
				69AE2FEE2DBDDF000064AF59 /* IOKit.framework in Frameworks */,
				69AE2FF12DBDE0FF0064AF59 /* libglfw3.a in Frameworks */,
			);
			runOnlyForDeploymentPostprocessing = 0;
		};
/* End PBXFrameworksBuildPhase section */

/* Begin PBXGroup section */
		694ECB162DBD0D0800E490C4 /* Frameworks */ = {
			isa = PBXGroup;
			children = (
				694ECB222DBD11C600E490C4 /* IOKit.framework */,
				694ECB202DBD117400E490C4 /* Cocoa.framework */,
				694ECB1E2DBD0EC400E490C4 /* libglfw.3.dylib */,
				694ECB172DBD0D0800E490C4 /* libglfw3.a */,
			);
			name = Frameworks;
			sourceTree = "<group>";
		};
		69FAA3962DBCDF5D00A95B21 = {
			isa = PBXGroup;
			children = (
				69CD0AD42DBD9B4700557758 /* Assets */,
				69FAA3CE2DBCE4AE00A95B21 /* README.md */,
				69FAA3BA2DBCE2FF00A95B21 /* Tutorials */,
				69FAA3B92DBCE2E300A95B21 /* Shared */,
				694ECB162DBD0D0800E490C4 /* Frameworks */,
				69FAA3A02DBCDF5D00A95B21 /* Products */,
			);
			sourceTree = "<group>";
		};
		69FAA3A02DBCDF5D00A95B21 /* Products */ = {
			isa = PBXGroup;
			children = (
				69FAA3AD2DBCE00D00A95B21 /* 01-Triangle */,
				69FAA3C32DBCE33000A95B21 /* 02-Texture */,
				69AE30112DBE15160064AF59 /* 03-Transformation */,
				690C18242DC63EA900218939 /* 04-Camera */,
				69CD42D82DC8E31C0028D52C /* 05-ObjectLoader */,
			);
			name = Products;
			sourceTree = "<group>";
		};
/* End PBXGroup section */

/* Begin PBXNativeTarget section */
		690C181A2DC63EA900218939 /* 04-Camera */ = {
			isa = PBXNativeTarget;
			buildConfigurationList = 690C18212DC63EA900218939 /* Build configuration list for PBXNativeTarget "04-Camera" */;
			buildPhases = (
				690C181B2DC63EA900218939 /* Sources */,
				690C181C2DC63EA900218939 /* Frameworks */,
				690C18202DC63EA900218939 /* CopyFiles */,
			);
			buildRules = (
			);
			dependencies = (
			);
			fileSystemSynchronizedGroups = (
				69CD0AD42DBD9B4700557758 /* Assets */,
			);
			name = "04-Camera";
			packageProductDependencies = (
			);
			productName = "02-Texture";
			productReference = 690C18242DC63EA900218939 /* 04-Camera */;
			productType = "com.apple.product-type.tool";
		};
		69AE30072DBE15160064AF59 /* 03-Transformation */ = {
			isa = PBXNativeTarget;
			buildConfigurationList = 69AE300E2DBE15160064AF59 /* Build configuration list for PBXNativeTarget "03-Transformation" */;
			buildPhases = (
				69AE30082DBE15160064AF59 /* Sources */,
				69AE30092DBE15160064AF59 /* Frameworks */,
				69AE300D2DBE15160064AF59 /* CopyFiles */,
			);
			buildRules = (
			);
			dependencies = (
			);
			fileSystemSynchronizedGroups = (
				69CD0AD42DBD9B4700557758 /* Assets */,
			);
			name = "03-Transformation";
			packageProductDependencies = (
			);
			productName = "02-Texture";
			productReference = 69AE30112DBE15160064AF59 /* 03-Transformation */;
			productType = "com.apple.product-type.tool";
		};
		69CD42CE2DC8E31C0028D52C /* 05-ObjectLoader */ = {
			isa = PBXNativeTarget;
			buildConfigurationList = 69CD42D52DC8E31C0028D52C /* Build configuration list for PBXNativeTarget "05-ObjectLoader" */;
			buildPhases = (
				69CD42CF2DC8E31C0028D52C /* Sources */,
				69CD42D02DC8E31C0028D52C /* Frameworks */,
				69CD42D42DC8E31C0028D52C /* CopyFiles */,
			);
			buildRules = (
			);
			dependencies = (
			);
			fileSystemSynchronizedGroups = (
				69CD0AD42DBD9B4700557758 /* Assets */,
			);
			name = "05-ObjectLoader";
			packageProductDependencies = (
			);
			productName = "02-Texture";
			productReference = 69CD42D82DC8E31C0028D52C /* 05-ObjectLoader */;
			productType = "com.apple.product-type.tool";
		};
		69FAA3AC2DBCE00D00A95B21 /* 01-Triangle */ = {
			isa = PBXNativeTarget;
			buildConfigurationList = 69FAA3B12DBCE00D00A95B21 /* Build configuration list for PBXNativeTarget "01-Triangle" */;
			buildPhases = (
				69FAA3A92DBCE00D00A95B21 /* Sources */,
				69FAA3AA2DBCE00D00A95B21 /* Frameworks */,
				69FAA3AB2DBCE00D00A95B21 /* CopyFiles */,
			);
			buildRules = (
			);
			dependencies = (
			);
			fileSystemSynchronizedGroups = (
				69CD0AD42DBD9B4700557758 /* Assets */,
			);
			name = "01-Triangle";
			packageProductDependencies = (
			);
			productName = "01-triangle";
			productReference = 69FAA3AD2DBCE00D00A95B21 /* 01-Triangle */;
			productType = "com.apple.product-type.tool";
		};
		69FAA3C22DBCE33000A95B21 /* 02-Texture */ = {
			isa = PBXNativeTarget;
			buildConfigurationList = 69FAA3C72DBCE33000A95B21 /* Build configuration list for PBXNativeTarget "02-Texture" */;
			buildPhases = (
				69FAA3BF2DBCE33000A95B21 /* Sources */,
				69FAA3C02DBCE33000A95B21 /* Frameworks */,
				69FAA3C12DBCE33000A95B21 /* CopyFiles */,
			);
			buildRules = (
			);
			dependencies = (
			);
			fileSystemSynchronizedGroups = (
				69CD0AD42DBD9B4700557758 /* Assets */,
			);
			name = "02-Texture";
			packageProductDependencies = (
			);
			productName = "02-Texture";
			productReference = 69FAA3C32DBCE33000A95B21 /* 02-Texture */;
			productType = "com.apple.product-type.tool";
		};
/* End PBXNativeTarget section */

/* Begin PBXProject section */
		69FAA3972DBCDF5D00A95B21 /* Project object */ = {
			isa = PBXProject;
			attributes = {
				BuildIndependentTargetsInParallel = 1;
				LastUpgradeCheck = 1620;
				TargetAttributes = {
					69FAA3AC2DBCE00D00A95B21 = {
						CreatedOnToolsVersion = 16.2;
					};
					69FAA3C22DBCE33000A95B21 = {
						CreatedOnToolsVersion = 16.2;
					};
				};
			};
			buildConfigurationList = 69FAA39A2DBCDF5D00A95B21 /* Build configuration list for PBXProject "LearnOpenGL" */;
			developmentRegion = en;
			hasScannedForEncodings = 0;
			knownRegions = (
				en,
				Base,
			);
			mainGroup = 69FAA3962DBCDF5D00A95B21;
			minimizedProjectReferenceProxies = 1;
			preferredProjectObjectVersion = 77;
			productRefGroup = 69FAA3A02DBCDF5D00A95B21 /* Products */;
			projectDirPath = "";
			projectRoot = "";
			targets = (
				69FAA3AC2DBCE00D00A95B21 /* 01-Triangle */,
				69FAA3C22DBCE33000A95B21 /* 02-Texture */,
				69AE30072DBE15160064AF59 /* 03-Transformation */,
				690C181A2DC63EA900218939 /* 04-Camera */,
				69CD42CE2DC8E31C0028D52C /* 05-ObjectLoader */,
			);
		};
/* End PBXProject section */

/* Begin PBXSourcesBuildPhase section */
		690C181B2DC63EA900218939 /* Sources */ = {
			isa = PBXSourcesBuildPhase;
			buildActionMask = 2147483647;
			files = (
			);
			runOnlyForDeploymentPostprocessing = 0;
		};
		69AE30082DBE15160064AF59 /* Sources */ = {
			isa = PBXSourcesBuildPhase;
			buildActionMask = 2147483647;
			files = (
			);
			runOnlyForDeploymentPostprocessing = 0;
		};
		69CD42CF2DC8E31C0028D52C /* Sources */ = {
			isa = PBXSourcesBuildPhase;
			buildActionMask = 2147483647;
			files = (
			);
			runOnlyForDeploymentPostprocessing = 0;
		};
		69FAA3A92DBCE00D00A95B21 /* Sources */ = {
			isa = PBXSourcesBuildPhase;
			buildActionMask = 2147483647;
			files = (
			);
			runOnlyForDeploymentPostprocessing = 0;
		};
		69FAA3BF2DBCE33000A95B21 /* Sources */ = {
			isa = PBXSourcesBuildPhase;
			buildActionMask = 2147483647;
			files = (
			);
			runOnlyForDeploymentPostprocessing = 0;
		};
/* End PBXSourcesBuildPhase section */

/* Begin XCBuildConfiguration section */
		690C18222DC63EA900218939 /* Debug */ = {
			isa = XCBuildConfiguration;
			buildSettings = {
				CODE_SIGN_IDENTITY = "Apple Development";
				"CODE_SIGN_IDENTITY[sdk=macosx*]" = "-";
				CODE_SIGN_STYLE = Manual;
				DEVELOPMENT_TEAM = "";
				ENABLE_HARDENED_RUNTIME = YES;
				LIBRARY_SEARCH_PATHS = (
					"$(inherited)",
					"$(PROJECT_DIR)/External/glfw/lib-arm64",
				);
				PRODUCT_NAME = "$(TARGET_NAME)";
				PROVISIONING_PROFILE_SPECIFIER = "";
			};
			name = Debug;
		};
		690C18232DC63EA900218939 /* Release */ = {
			isa = XCBuildConfiguration;
			buildSettings = {
				CODE_SIGN_IDENTITY = "Apple Development";
				"CODE_SIGN_IDENTITY[sdk=macosx*]" = "-";
				CODE_SIGN_STYLE = Manual;
				DEVELOPMENT_TEAM = "";
				ENABLE_HARDENED_RUNTIME = YES;
				LIBRARY_SEARCH_PATHS = (
					"$(inherited)",
					"$(PROJECT_DIR)/External/glfw/lib-arm64",
				);
				PRODUCT_NAME = "$(TARGET_NAME)";
				PROVISIONING_PROFILE_SPECIFIER = "";
			};
			name = Release;
		};
		69AE300F2DBE15160064AF59 /* Debug */ = {
			isa = XCBuildConfiguration;
			buildSettings = {
				CODE_SIGN_IDENTITY = "Apple Development";
				"CODE_SIGN_IDENTITY[sdk=macosx*]" = "-";
				CODE_SIGN_STYLE = Manual;
				DEVELOPMENT_TEAM = "";
				ENABLE_HARDENED_RUNTIME = YES;
				LIBRARY_SEARCH_PATHS = (
					"$(inherited)",
					"$(PROJECT_DIR)/External/glfw/lib-arm64",
				);
				PRODUCT_NAME = "$(TARGET_NAME)";
				PROVISIONING_PROFILE_SPECIFIER = "";
			};
			name = Debug;
		};
		69AE30102DBE15160064AF59 /* Release */ = {
			isa = XCBuildConfiguration;
			buildSettings = {
				CODE_SIGN_IDENTITY = "Apple Development";
				"CODE_SIGN_IDENTITY[sdk=macosx*]" = "-";
				CODE_SIGN_STYLE = Manual;
				DEVELOPMENT_TEAM = "";
				ENABLE_HARDENED_RUNTIME = YES;
				LIBRARY_SEARCH_PATHS = (
					"$(inherited)",
					"$(PROJECT_DIR)/External/glfw/lib-arm64",
				);
				PRODUCT_NAME = "$(TARGET_NAME)";
				PROVISIONING_PROFILE_SPECIFIER = "";
			};
			name = Release;
		};
		69CD42D62DC8E31C0028D52C /* Debug */ = {
			isa = XCBuildConfiguration;
			buildSettings = {
				CODE_SIGN_IDENTITY = "Apple Development";
				"CODE_SIGN_IDENTITY[sdk=macosx*]" = "-";
				CODE_SIGN_STYLE = Manual;
				DEVELOPMENT_TEAM = "";
				ENABLE_HARDENED_RUNTIME = YES;
				LIBRARY_SEARCH_PATHS = (
					"$(inherited)",
					"$(PROJECT_DIR)/External/glfw/lib-arm64",
				);
				PRODUCT_NAME = "$(TARGET_NAME)";
				PROVISIONING_PROFILE_SPECIFIER = "";
			};
			name = Debug;
		};
		69CD42D72DC8E31C0028D52C /* Release */ = {
			isa = XCBuildConfiguration;
			buildSettings = {
				CODE_SIGN_IDENTITY = "Apple Development";
				"CODE_SIGN_IDENTITY[sdk=macosx*]" = "-";
				CODE_SIGN_STYLE = Manual;
				DEVELOPMENT_TEAM = "";
				ENABLE_HARDENED_RUNTIME = YES;
				LIBRARY_SEARCH_PATHS = (
					"$(inherited)",
					"$(PROJECT_DIR)/External/glfw/lib-arm64",
				);
				PRODUCT_NAME = "$(TARGET_NAME)";
				PROVISIONING_PROFILE_SPECIFIER = "";
			};
			name = Release;
		};
		69FAA3A42DBCDF5D00A95B21 /* Debug */ = {
			isa = XCBuildConfiguration;
			buildSettings = {
				ALWAYS_SEARCH_USER_PATHS = NO;
				ASSETCATALOG_COMPILER_GENERATE_SWIFT_ASSET_SYMBOL_EXTENSIONS = YES;
				CLANG_ANALYZER_NONNULL = YES;
				CLANG_ANALYZER_NUMBER_OBJECT_CONVERSION = YES_AGGRESSIVE;
				CLANG_CXX_LANGUAGE_STANDARD = "gnu++20";
				CLANG_ENABLE_MODULES = YES;
				CLANG_ENABLE_OBJC_ARC = YES;
				CLANG_ENABLE_OBJC_WEAK = YES;
				CLANG_WARN_BLOCK_CAPTURE_AUTORELEASING = YES;
				CLANG_WARN_BOOL_CONVERSION = YES;
				CLANG_WARN_COMMA = YES;
				CLANG_WARN_CONSTANT_CONVERSION = YES;
				CLANG_WARN_DEPRECATED_OBJC_IMPLEMENTATIONS = YES;
				CLANG_WARN_DIRECT_OBJC_ISA_USAGE = YES_ERROR;
				CLANG_WARN_DOCUMENTATION_COMMENTS = YES;
				CLANG_WARN_EMPTY_BODY = YES;
				CLANG_WARN_ENUM_CONVERSION = YES;
				CLANG_WARN_INFINITE_RECURSION = YES;
				CLANG_WARN_INT_CONVERSION = YES;
				CLANG_WARN_NON_LITERAL_NULL_CONVERSION = YES;
				CLANG_WARN_OBJC_IMPLICIT_RETAIN_SELF = YES;
				CLANG_WARN_OBJC_LITERAL_CONVERSION = YES;
				CLANG_WARN_OBJC_ROOT_CLASS = YES_ERROR;
				CLANG_WARN_QUOTED_INCLUDE_IN_FRAMEWORK_HEADER = YES;
				CLANG_WARN_RANGE_LOOP_ANALYSIS = YES;
				CLANG_WARN_STRICT_PROTOTYPES = YES;
				CLANG_WARN_SUSPICIOUS_MOVE = YES;
				CLANG_WARN_UNGUARDED_AVAILABILITY = YES_AGGRESSIVE;
				CLANG_WARN_UNREACHABLE_CODE = YES;
				CLANG_WARN__DUPLICATE_METHOD_MATCH = YES;
				COPY_PHASE_STRIP = NO;
				DEBUG_INFORMATION_FORMAT = dwarf;
				ENABLE_STRICT_OBJC_MSGSEND = YES;
				ENABLE_TESTABILITY = YES;
				ENABLE_USER_SCRIPT_SANDBOXING = YES;
				GCC_C_LANGUAGE_STANDARD = gnu17;
				GCC_DYNAMIC_NO_PIC = NO;
				GCC_NO_COMMON_BLOCKS = YES;
				GCC_OPTIMIZATION_LEVEL = 0;
				GCC_PREPROCESSOR_DEFINITIONS = (
					"DEBUG=1",
					"$(inherited)",
				);
				GCC_WARN_64_TO_32_BIT_CONVERSION = YES;
				GCC_WARN_ABOUT_RETURN_TYPE = YES_ERROR;
				GCC_WARN_UNDECLARED_SELECTOR = YES;
				GCC_WARN_UNINITIALIZED_AUTOS = YES_AGGRESSIVE;
				GCC_WARN_UNUSED_FUNCTION = YES;
				GCC_WARN_UNUSED_VARIABLE = YES;
				HEADER_SEARCH_PATHS = (
					"$(SRCROOT)/External/glfw/include",
					"$(SRCROOT)/External/glad/include",
					"$(SRCROOT)/External/glm",
					"$(SRCROOT)/External/stb",
				);
				LIBRARY_SEARCH_PATHS = "$(SRCROOT)/External/glfw/lib-$(CURRENT_ARCH)";
				LOCALIZATION_PREFERS_STRING_CATALOGS = YES;
				MACOSX_DEPLOYMENT_TARGET = 15.2;
				MTL_ENABLE_DEBUG_INFO = INCLUDE_SOURCE;
				MTL_FAST_MATH = YES;
				ONLY_ACTIVE_ARCH = YES;
				SDKROOT = macosx;
			};
			name = Debug;
		};
		69FAA3A52DBCDF5D00A95B21 /* Release */ = {
			isa = XCBuildConfiguration;
			buildSettings = {
				ALWAYS_SEARCH_USER_PATHS = NO;
				ASSETCATALOG_COMPILER_GENERATE_SWIFT_ASSET_SYMBOL_EXTENSIONS = YES;
				CLANG_ANALYZER_NONNULL = YES;
				CLANG_ANALYZER_NUMBER_OBJECT_CONVERSION = YES_AGGRESSIVE;
				CLANG_CXX_LANGUAGE_STANDARD = "gnu++20";
				CLANG_ENABLE_MODULES = YES;
				CLANG_ENABLE_OBJC_ARC = YES;
				CLANG_ENABLE_OBJC_WEAK = YES;
				CLANG_WARN_BLOCK_CAPTURE_AUTORELEASING = YES;
				CLANG_WARN_BOOL_CONVERSION = YES;
				CLANG_WARN_COMMA = YES;
				CLANG_WARN_CONSTANT_CONVERSION = YES;
				CLANG_WARN_DEPRECATED_OBJC_IMPLEMENTATIONS = YES;
				CLANG_WARN_DIRECT_OBJC_ISA_USAGE = YES_ERROR;
				CLANG_WARN_DOCUMENTATION_COMMENTS = YES;
				CLANG_WARN_EMPTY_BODY = YES;
				CLANG_WARN_ENUM_CONVERSION = YES;
				CLANG_WARN_INFINITE_RECURSION = YES;
				CLANG_WARN_INT_CONVERSION = YES;
				CLANG_WARN_NON_LITERAL_NULL_CONVERSION = YES;
				CLANG_WARN_OBJC_IMPLICIT_RETAIN_SELF = YES;
				CLANG_WARN_OBJC_LITERAL_CONVERSION = YES;
				CLANG_WARN_OBJC_ROOT_CLASS = YES_ERROR;
				CLANG_WARN_QUOTED_INCLUDE_IN_FRAMEWORK_HEADER = YES;
				CLANG_WARN_RANGE_LOOP_ANALYSIS = YES;
				CLANG_WARN_STRICT_PROTOTYPES = YES;
				CLANG_WARN_SUSPICIOUS_MOVE = YES;
				CLANG_WARN_UNGUARDED_AVAILABILITY = YES_AGGRESSIVE;
				CLANG_WARN_UNREACHABLE_CODE = YES;
				CLANG_WARN__DUPLICATE_METHOD_MATCH = YES;
				COPY_PHASE_STRIP = NO;
				DEBUG_INFORMATION_FORMAT = "dwarf-with-dsym";
				ENABLE_NS_ASSERTIONS = NO;
				ENABLE_STRICT_OBJC_MSGSEND = YES;
				ENABLE_USER_SCRIPT_SANDBOXING = YES;
				GCC_C_LANGUAGE_STANDARD = gnu17;
				GCC_NO_COMMON_BLOCKS = YES;
				GCC_WARN_64_TO_32_BIT_CONVERSION = YES;
				GCC_WARN_ABOUT_RETURN_TYPE = YES_ERROR;
				GCC_WARN_UNDECLARED_SELECTOR = YES;
				GCC_WARN_UNINITIALIZED_AUTOS = YES_AGGRESSIVE;
				GCC_WARN_UNUSED_FUNCTION = YES;
				GCC_WARN_UNUSED_VARIABLE = YES;
				HEADER_SEARCH_PATHS = (
					"$(SRCROOT)/External/glfw/include",
					"$(SRCROOT)/External/glad/include",
					"$(SRCROOT)/External/glm",
					"$(SRCROOT)/External/stb",
				);
				LIBRARY_SEARCH_PATHS = "$(SRCROOT)/External/glfw/lib-$(CURRENT_ARCH)";
				LOCALIZATION_PREFERS_STRING_CATALOGS = YES;
				MACOSX_DEPLOYMENT_TARGET = 15.2;
				MTL_ENABLE_DEBUG_INFO = NO;
				MTL_FAST_MATH = YES;
				ONLY_ACTIVE_ARCH = YES;
				SDKROOT = macosx;
			};
			name = Release;
		};
		69FAA3B22DBCE00D00A95B21 /* Debug */ = {
			isa = XCBuildConfiguration;
			buildSettings = {
				CODE_SIGN_STYLE = Manual;
				DEVELOPMENT_TEAM = "";
				ENABLE_HARDENED_RUNTIME = YES;
				LIBRARY_SEARCH_PATHS = (
					"$(inherited)",
					"$(PROJECT_DIR)/External/glfw/lib-arm64",
				);
				PRODUCT_NAME = "$(TARGET_NAME)";
				PROVISIONING_PROFILE_SPECIFIER = "";
			};
			name = Debug;
		};
		69FAA3B32DBCE00D00A95B21 /* Release */ = {
			isa = XCBuildConfiguration;
			buildSettings = {
				CODE_SIGN_STYLE = Manual;
				DEVELOPMENT_TEAM = "";
				ENABLE_HARDENED_RUNTIME = YES;
				LIBRARY_SEARCH_PATHS = (
					"$(inherited)",
					"$(PROJECT_DIR)/External/glfw/lib-arm64",
				);
				PRODUCT_NAME = "$(TARGET_NAME)";
				PROVISIONING_PROFILE_SPECIFIER = "";
			};
			name = Release;
		};
		69FAA3C82DBCE33000A95B21 /* Debug */ = {
			isa = XCBuildConfiguration;
			buildSettings = {
				CODE_SIGN_IDENTITY = "Apple Development";
				"CODE_SIGN_IDENTITY[sdk=macosx*]" = "-";
				CODE_SIGN_STYLE = Manual;
				DEVELOPMENT_TEAM = "";
				ENABLE_HARDENED_RUNTIME = YES;
				LIBRARY_SEARCH_PATHS = (
					"$(inherited)",
					"$(PROJECT_DIR)/External/glfw/lib-arm64",
				);
				PRODUCT_NAME = "$(TARGET_NAME)";
				PROVISIONING_PROFILE_SPECIFIER = "";
			};
			name = Debug;
		};
		69FAA3C92DBCE33000A95B21 /* Release */ = {
			isa = XCBuildConfiguration;
			buildSettings = {
				CODE_SIGN_IDENTITY = "Apple Development";
				"CODE_SIGN_IDENTITY[sdk=macosx*]" = "-";
				CODE_SIGN_STYLE = Manual;
				DEVELOPMENT_TEAM = "";
				ENABLE_HARDENED_RUNTIME = YES;
				LIBRARY_SEARCH_PATHS = (
					"$(inherited)",
					"$(PROJECT_DIR)/External/glfw/lib-arm64",
				);
				PRODUCT_NAME = "$(TARGET_NAME)";
				PROVISIONING_PROFILE_SPECIFIER = "";
			};
			name = Release;
		};
/* End XCBuildConfiguration section */

/* Begin XCConfigurationList section */
		690C18212DC63EA900218939 /* Build configuration list for PBXNativeTarget "04-Camera" */ = {
			isa = XCConfigurationList;
			buildConfigurations = (
				690C18222DC63EA900218939 /* Debug */,
				690C18232DC63EA900218939 /* Release */,
			);
			defaultConfigurationIsVisible = 0;
			defaultConfigurationName = Release;
		};
		69AE300E2DBE15160064AF59 /* Build configuration list for PBXNativeTarget "03-Transformation" */ = {
			isa = XCConfigurationList;
			buildConfigurations = (
				69AE300F2DBE15160064AF59 /* Debug */,
				69AE30102DBE15160064AF59 /* Release */,
			);
			defaultConfigurationIsVisible = 0;
			defaultConfigurationName = Release;
		};
		69CD42D52DC8E31C0028D52C /* Build configuration list for PBXNativeTarget "05-ObjectLoader" */ = {
			isa = XCConfigurationList;
			buildConfigurations = (
				69CD42D62DC8E31C0028D52C /* Debug */,
				69CD42D72DC8E31C0028D52C /* Release */,
			);
			defaultConfigurationIsVisible = 0;
			defaultConfigurationName = Release;
		};
		69FAA39A2DBCDF5D00A95B21 /* Build configuration list for PBXProject "LearnOpenGL" */ = {
			isa = XCConfigurationList;
			buildConfigurations = (
				69FAA3A42DBCDF5D00A95B21 /* Debug */,
				69FAA3A52DBCDF5D00A95B21 /* Release */,
			);
			defaultConfigurationIsVisible = 0;
			defaultConfigurationName = Release;
		};
		69FAA3B12DBCE00D00A95B21 /* Build configuration list for PBXNativeTarget "01-Triangle" */ = {
			isa = XCConfigurationList;
			buildConfigurations = (
				69FAA3B22DBCE00D00A95B21 /* Debug */,
				69FAA3B32DBCE00D00A95B21 /* Release */,
			);
			defaultConfigurationIsVisible = 0;
			defaultConfigurationName = Release;
		};
		69FAA3C72DBCE33000A95B21 /* Build configuration list for PBXNativeTarget "02-Texture" */ = {
			isa = XCConfigurationList;
			buildConfigurations = (
				69FAA3C82DBCE33000A95B21 /* Debug */,
				69FAA3C92DBCE33000A95B21 /* Release */,
			);
			defaultConfigurationIsVisible = 0;
			defaultConfigurationName = Release;
		};
/* End XCConfigurationList section */
	};
	rootObject = 69FAA3972DBCDF5D00A95B21 /* Project object */;
}
